
Microsoft Visual Studio Solution File, Format Version 12.00
# Visual Studio Version 16
VisualStudioVersion = 16.0.29613.14
MinimumVisualStudioVersion = 10.0.40219.1
Project("{FAE04EC0-301F-11D3-BF4B-00C04F79EFBC}") = "Subscriber", "Subscriber\Subscriber.csproj", "{72084B1F-768C-463D-88CF-DEF427E28B8E}"
EndProject
Global
	GlobalSection(SolutionConfigurationPlatforms) = preSolution
		Debug|Any CPU = Debug|Any CPU
		Release|Any CPU = Release|Any CPU
	EndGlobalSection
	GlobalSection(ProjectConfigurationPlatforms) = postSolution
		{72084B1F-768C-463D-88CF-DEF427E28B8E}.Debug|Any CPU.ActiveCfg = Debug|Any CPU
		{72084B1F-768C-463D-88CF-DEF427E28B8E}.Debug|Any CPU.Build.0 = Debug|Any CPU
		{72084B1F-768C-463D-88CF-DEF427E28B8E}.Release|Any CPU.ActiveCfg = Release|Any CPU
		{72084B1F-768C-463D-88CF-DEF427E28B8E}.Release|Any CPU.Build.0 = Release|Any CPU
	EndGlobalSection
	GlobalSection(SolutionProperties) = preSolution
		HideSolutionNode = FALSE
	EndGlobalSection
	GlobalSection(ExtensibilityGlobals) = postSolution
		SolutionGuid = {CAA3FFD5-2FDA-4029-B5D5-3C9C992DDD08}
	EndGlobalSection
EndGlobal
