
Microsoft Visual Studio Solution File, Format Version 12.00
# Visual Studio Version 16
VisualStudioVersion = 16.0.29418.71
MinimumVisualStudioVersion = 10.0.40219.1
Project("{FAE04EC0-301F-11D3-BF4B-00C04F79EFBC}") = "EventBus.Base", "EventBus.Base\EventBus.Base.csproj", "{C4DA8E05-77CD-4C11-BF23-0E550702AEDB}"
EndProject
Project("{FAE04EC0-301F-11D3-BF4B-00C04F79EFBC}") = "EventBus.RabbitMQ", "EventBus.RabbitMQ\EventBus.RabbitMQ.csproj", "{9089277B-2F7A-47D1-93A5-02B412607B65}"
EndProject
Project("{FAE04EC0-301F-11D3-BF4B-00C04F79EFBC}") = "EventBus.RabbitMQ.Configuration", "EventBus.RabbitMQ.Configuration\EventBus.RabbitMQ.Configuration.csproj", "{05D288D9-09EF-4942-B304-F6F8462405F4}"
EndProject
Global
	GlobalSection(SolutionConfigurationPlatforms) = preSolution
		Debug|Any CPU = Debug|Any CPU
		Release|Any CPU = Release|Any CPU
	EndGlobalSection
	GlobalSection(ProjectConfigurationPlatforms) = postSolution
		{C4DA8E05-77CD-4C11-BF23-0E550702AEDB}.Debug|Any CPU.ActiveCfg = Debug|Any CPU
		{C4DA8E05-77CD-4C11-BF23-0E550702AEDB}.Debug|Any CPU.Build.0 = Debug|Any CPU
		{C4DA8E05-77CD-4C11-BF23-0E550702AEDB}.Release|Any CPU.ActiveCfg = Release|Any CPU
		{C4DA8E05-77CD-4C11-BF23-0E550702AEDB}.Release|Any CPU.Build.0 = Release|Any CPU
		{9089277B-2F7A-47D1-93A5-02B412607B65}.Debug|Any CPU.ActiveCfg = Debug|Any CPU
		{9089277B-2F7A-47D1-93A5-02B412607B65}.Debug|Any CPU.Build.0 = Debug|Any CPU
		{9089277B-2F7A-47D1-93A5-02B412607B65}.Release|Any CPU.ActiveCfg = Release|Any CPU
		{9089277B-2F7A-47D1-93A5-02B412607B65}.Release|Any CPU.Build.0 = Release|Any CPU
		{05D288D9-09EF-4942-B304-F6F8462405F4}.Debug|Any CPU.ActiveCfg = Debug|Any CPU
		{05D288D9-09EF-4942-B304-F6F8462405F4}.Debug|Any CPU.Build.0 = Debug|Any CPU
		{05D288D9-09EF-4942-B304-F6F8462405F4}.Release|Any CPU.ActiveCfg = Release|Any CPU
		{05D288D9-09EF-4942-B304-F6F8462405F4}.Release|Any CPU.Build.0 = Release|Any CPU
	EndGlobalSection
	GlobalSection(SolutionProperties) = preSolution
		HideSolutionNode = FALSE
	EndGlobalSection
	GlobalSection(ExtensibilityGlobals) = postSolution
		SolutionGuid = {5E0897C2-8E6B-4803-828D-4BD4C1E8FB21}
	EndGlobalSection
EndGlobal
